
Microsoft Visual Studio Solution File, Format Version 12.00
# Visual Studio Version 17
VisualStudioVersion = 17.11.35222.181
MinimumVisualStudioVersion = 10.0.40219.1
Project("{FAE04EC0-301F-11D3-BF4B-00C04F79EFBC}") = "OLXKiller.API", "OLXKiller.API\OLXKiller.API.csproj", "{7141E400-5766-4440-9E00-5863D8DEA38C}"
EndProject
Project("{FAE04EC0-301F-11D3-BF4B-00C04F79EFBC}") = "OLXKiller.Application", "OLXKiller.Application\OLXKiller.Application.csproj", "{D47CDA6A-21D1-41BB-AF27-5D69ED44035B}"
EndProject
Project("{FAE04EC0-301F-11D3-BF4B-00C04F79EFBC}") = "OLXKiller.Domain", "OLXKiller.Domain\OLXKiller.Domain.csproj", "{DB88A9D5-F599-4E2F-93E4-E14924DE8407}"
EndProject
Project("{FAE04EC0-301F-11D3-BF4B-00C04F79EFBC}") = "OLXKiller.Persistence", "OLXKiller.Persistence\OLXKiller.Persistence.csproj", "{848A3704-187E-4F9C-B1FB-0BCBFECEC453}"
EndProject
Global
	GlobalSection(SolutionConfigurationPlatforms) = preSolution
		Debug|Any CPU = Debug|Any CPU
		Release|Any CPU = Release|Any CPU
	EndGlobalSection
	GlobalSection(ProjectConfigurationPlatforms) = postSolution
		{7141E400-5766-4440-9E00-5863D8DEA38C}.Debug|Any CPU.ActiveCfg = Debug|Any CPU
		{7141E400-5766-4440-9E00-5863D8DEA38C}.Debug|Any CPU.Build.0 = Debug|Any CPU
		{7141E400-5766-4440-9E00-5863D8DEA38C}.Release|Any CPU.ActiveCfg = Release|Any CPU
		{7141E400-5766-4440-9E00-5863D8DEA38C}.Release|Any CPU.Build.0 = Release|Any CPU
		{D47CDA6A-21D1-41BB-AF27-5D69ED44035B}.Debug|Any CPU.ActiveCfg = Debug|Any CPU
		{D47CDA6A-21D1-41BB-AF27-5D69ED44035B}.Debug|Any CPU.Build.0 = Debug|Any CPU
		{D47CDA6A-21D1-41BB-AF27-5D69ED44035B}.Release|Any CPU.ActiveCfg = Release|Any CPU
		{D47CDA6A-21D1-41BB-AF27-5D69ED44035B}.Release|Any CPU.Build.0 = Release|Any CPU
		{DB88A9D5-F599-4E2F-93E4-E14924DE8407}.Debug|Any CPU.ActiveCfg = Debug|Any CPU
		{DB88A9D5-F599-4E2F-93E4-E14924DE8407}.Debug|Any CPU.Build.0 = Debug|Any CPU
		{DB88A9D5-F599-4E2F-93E4-E14924DE8407}.Release|Any CPU.ActiveCfg = Release|Any CPU
		{DB88A9D5-F599-4E2F-93E4-E14924DE8407}.Release|Any CPU.Build.0 = Release|Any CPU
		{848A3704-187E-4F9C-B1FB-0BCBFECEC453}.Debug|Any CPU.ActiveCfg = Debug|Any CPU
		{848A3704-187E-4F9C-B1FB-0BCBFECEC453}.Debug|Any CPU.Build.0 = Debug|Any CPU
		{848A3704-187E-4F9C-B1FB-0BCBFECEC453}.Release|Any CPU.ActiveCfg = Release|Any CPU
		{848A3704-187E-4F9C-B1FB-0BCBFECEC453}.Release|Any CPU.Build.0 = Release|Any CPU
	EndGlobalSection
	GlobalSection(SolutionProperties) = preSolution
		HideSolutionNode = FALSE
	EndGlobalSection
	GlobalSection(ExtensibilityGlobals) = postSolution
		SolutionGuid = {F90CDF5B-83A4-4574-A7A9-98E07F836072}
	EndGlobalSection
EndGlobal
