
Microsoft Visual Studio Solution File, Format Version 12.00
Project("{2150E333-8FDC-42A3-9474-1A3956D46DE8}") = "Shared", "Shared", "{034992F2-8E9F-438C-A507-D468587E8FB2}"
EndProject
Project("{2150E333-8FDC-42A3-9474-1A3956D46DE8}") = "Services", "Services", "{FC8402C1-C9F5-4CEF-AE4C-4C65672DBCFB}"
EndProject
Project("{FAE04EC0-301F-11D3-BF4B-00C04F79EFBC}") = "UsersService", "UsersService\UsersService.csproj", "{A04C3EE1-0AC7-4A31-BDC9-CE2B8FD49F56}"
EndProject
Project("{FAE04EC0-301F-11D3-BF4B-00C04F79EFBC}") = "Common", "Common\Common.csproj", "{E71758DE-ADD8-45F0-8DFE-27F402682AF8}"
EndProject
Project("{FAE04EC0-301F-11D3-BF4B-00C04F79EFBC}") = "EmailService", "EmailService\EmailService.csproj", "{C909F75D-874D-4CDD-9949-2A5ABC7E3D6A}"
EndProject
Project("{FAE04EC0-301F-11D3-BF4B-00C04F79EFBC}") = "ProductsService", "ProductsService\ProductsService.csproj", "{AC0518E9-5A08-439C-BF49-95E89AB2BF9A}"
EndProject
Project("{FAE04EC0-301F-11D3-BF4B-00C04F79EFBC}") = "LogsService", "LogsService\LogsService.csproj", "{E7D61EA7-5D89-44F6-BAF2-982E517541B1}"
EndProject
Project("{FAE04EC0-301F-11D3-BF4B-00C04F79EFBC}") = "CartsService", "CartsService\CartsService.csproj", "{CC86970C-60D1-4AAD-BD69-B4F37D0F0303}"
EndProject
Project("{FAE04EC0-301F-11D3-BF4B-00C04F79EFBC}") = "OrdersService", "OrdersService\OrdersService.csproj", "{29F13847-DAFF-4FFE-87DB-E45004F21792}"
EndProject
Project("{2150E333-8FDC-42A3-9474-1A3956D46DE8}") = "APIGateway", "APIGateway", "{21C0910B-3D8F-4C96-82DC-7AA40CC8DFB6}"
EndProject
Project("{FAE04EC0-301F-11D3-BF4B-00C04F79EFBC}") = "APIGateway", "APIGateway\APIGateway.csproj", "{0C50BF06-3CA6-4FC2-8DB6-D8D0DCBD4B31}"
EndProject
Project("{FAE04EC0-301F-11D3-BF4B-00C04F79EFBC}") = "ReviewsService", "ReviewsService\ReviewsService.csproj", "{D540987D-5FA5-43FD-B314-49DF25ED5FFB}"
EndProject
Project("{FAE04EC0-301F-11D3-BF4B-00C04F79EFBC}") = "NotificationService", "NotificationService\NotificationService.csproj", "{10CFA64A-44E6-4A74-9CA6-C5CBB49D9793}"
EndProject
Project("{FAE04EC0-301F-11D3-BF4B-00C04F79EFBC}") = "ChatsService", "ChatsService\ChatsService.csproj", "{ADA07FE3-137F-4847-ACC6-82B1AC714750}"
EndProject
Global
	GlobalSection(SolutionConfigurationPlatforms) = preSolution
		Debug|Any CPU = Debug|Any CPU
		Release|Any CPU = Release|Any CPU
	EndGlobalSection
	GlobalSection(ProjectConfigurationPlatforms) = postSolution
		{A04C3EE1-0AC7-4A31-BDC9-CE2B8FD49F56}.Debug|Any CPU.ActiveCfg = Debug|Any CPU
		{A04C3EE1-0AC7-4A31-BDC9-CE2B8FD49F56}.Debug|Any CPU.Build.0 = Debug|Any CPU
		{A04C3EE1-0AC7-4A31-BDC9-CE2B8FD49F56}.Release|Any CPU.ActiveCfg = Release|Any CPU
		{A04C3EE1-0AC7-4A31-BDC9-CE2B8FD49F56}.Release|Any CPU.Build.0 = Release|Any CPU
		{E71758DE-ADD8-45F0-8DFE-27F402682AF8}.Debug|Any CPU.ActiveCfg = Debug|Any CPU
		{E71758DE-ADD8-45F0-8DFE-27F402682AF8}.Debug|Any CPU.Build.0 = Debug|Any CPU
		{E71758DE-ADD8-45F0-8DFE-27F402682AF8}.Release|Any CPU.ActiveCfg = Release|Any CPU
		{E71758DE-ADD8-45F0-8DFE-27F402682AF8}.Release|Any CPU.Build.0 = Release|Any CPU
		{C909F75D-874D-4CDD-9949-2A5ABC7E3D6A}.Debug|Any CPU.ActiveCfg = Debug|Any CPU
		{C909F75D-874D-4CDD-9949-2A5ABC7E3D6A}.Debug|Any CPU.Build.0 = Debug|Any CPU
		{C909F75D-874D-4CDD-9949-2A5ABC7E3D6A}.Release|Any CPU.ActiveCfg = Release|Any CPU
		{C909F75D-874D-4CDD-9949-2A5ABC7E3D6A}.Release|Any CPU.Build.0 = Release|Any CPU
		{AC0518E9-5A08-439C-BF49-95E89AB2BF9A}.Debug|Any CPU.ActiveCfg = Debug|Any CPU
		{AC0518E9-5A08-439C-BF49-95E89AB2BF9A}.Debug|Any CPU.Build.0 = Debug|Any CPU
		{AC0518E9-5A08-439C-BF49-95E89AB2BF9A}.Release|Any CPU.ActiveCfg = Release|Any CPU
		{AC0518E9-5A08-439C-BF49-95E89AB2BF9A}.Release|Any CPU.Build.0 = Release|Any CPU
		{E7D61EA7-5D89-44F6-BAF2-982E517541B1}.Debug|Any CPU.ActiveCfg = Debug|Any CPU
		{E7D61EA7-5D89-44F6-BAF2-982E517541B1}.Debug|Any CPU.Build.0 = Debug|Any CPU
		{E7D61EA7-5D89-44F6-BAF2-982E517541B1}.Release|Any CPU.ActiveCfg = Release|Any CPU
		{E7D61EA7-5D89-44F6-BAF2-982E517541B1}.Release|Any CPU.Build.0 = Release|Any CPU
		{CC86970C-60D1-4AAD-BD69-B4F37D0F0303}.Debug|Any CPU.ActiveCfg = Debug|Any CPU
		{CC86970C-60D1-4AAD-BD69-B4F37D0F0303}.Debug|Any CPU.Build.0 = Debug|Any CPU
		{CC86970C-60D1-4AAD-BD69-B4F37D0F0303}.Release|Any CPU.ActiveCfg = Release|Any CPU
		{CC86970C-60D1-4AAD-BD69-B4F37D0F0303}.Release|Any CPU.Build.0 = Release|Any CPU
		{29F13847-DAFF-4FFE-87DB-E45004F21792}.Debug|Any CPU.ActiveCfg = Debug|Any CPU
		{29F13847-DAFF-4FFE-87DB-E45004F21792}.Debug|Any CPU.Build.0 = Debug|Any CPU
		{29F13847-DAFF-4FFE-87DB-E45004F21792}.Release|Any CPU.ActiveCfg = Release|Any CPU
		{29F13847-DAFF-4FFE-87DB-E45004F21792}.Release|Any CPU.Build.0 = Release|Any CPU
		{0C50BF06-3CA6-4FC2-8DB6-D8D0DCBD4B31}.Debug|Any CPU.ActiveCfg = Debug|Any CPU
		{0C50BF06-3CA6-4FC2-8DB6-D8D0DCBD4B31}.Debug|Any CPU.Build.0 = Debug|Any CPU
		{0C50BF06-3CA6-4FC2-8DB6-D8D0DCBD4B31}.Release|Any CPU.ActiveCfg = Release|Any CPU
		{0C50BF06-3CA6-4FC2-8DB6-D8D0DCBD4B31}.Release|Any CPU.Build.0 = Release|Any CPU
		{D540987D-5FA5-43FD-B314-49DF25ED5FFB}.Debug|Any CPU.ActiveCfg = Debug|Any CPU
		{D540987D-5FA5-43FD-B314-49DF25ED5FFB}.Debug|Any CPU.Build.0 = Debug|Any CPU
		{D540987D-5FA5-43FD-B314-49DF25ED5FFB}.Release|Any CPU.ActiveCfg = Release|Any CPU
		{D540987D-5FA5-43FD-B314-49DF25ED5FFB}.Release|Any CPU.Build.0 = Release|Any CPU
		{10CFA64A-44E6-4A74-9CA6-C5CBB49D9793}.Debug|Any CPU.ActiveCfg = Debug|Any CPU
		{10CFA64A-44E6-4A74-9CA6-C5CBB49D9793}.Debug|Any CPU.Build.0 = Debug|Any CPU
		{10CFA64A-44E6-4A74-9CA6-C5CBB49D9793}.Release|Any CPU.ActiveCfg = Release|Any CPU
		{10CFA64A-44E6-4A74-9CA6-C5CBB49D9793}.Release|Any CPU.Build.0 = Release|Any CPU
		{ADA07FE3-137F-4847-ACC6-82B1AC714750}.Debug|Any CPU.ActiveCfg = Debug|Any CPU
		{ADA07FE3-137F-4847-ACC6-82B1AC714750}.Debug|Any CPU.Build.0 = Debug|Any CPU
		{ADA07FE3-137F-4847-ACC6-82B1AC714750}.Release|Any CPU.ActiveCfg = Release|Any CPU
		{ADA07FE3-137F-4847-ACC6-82B1AC714750}.Release|Any CPU.Build.0 = Release|Any CPU
	EndGlobalSection
	GlobalSection(NestedProjects) = preSolution
		{A04C3EE1-0AC7-4A31-BDC9-CE2B8FD49F56} = {FC8402C1-C9F5-4CEF-AE4C-4C65672DBCFB}
		{E71758DE-ADD8-45F0-8DFE-27F402682AF8} = {034992F2-8E9F-438C-A507-D468587E8FB2}
		{C909F75D-874D-4CDD-9949-2A5ABC7E3D6A} = {FC8402C1-C9F5-4CEF-AE4C-4C65672DBCFB}
		{AC0518E9-5A08-439C-BF49-95E89AB2BF9A} = {FC8402C1-C9F5-4CEF-AE4C-4C65672DBCFB}
		{E7D61EA7-5D89-44F6-BAF2-982E517541B1} = {FC8402C1-C9F5-4CEF-AE4C-4C65672DBCFB}
		{CC86970C-60D1-4AAD-BD69-B4F37D0F0303} = {FC8402C1-C9F5-4CEF-AE4C-4C65672DBCFB}
		{29F13847-DAFF-4FFE-87DB-E45004F21792} = {FC8402C1-C9F5-4CEF-AE4C-4C65672DBCFB}
		{0C50BF06-3CA6-4FC2-8DB6-D8D0DCBD4B31} = {21C0910B-3D8F-4C96-82DC-7AA40CC8DFB6}
		{D540987D-5FA5-43FD-B314-49DF25ED5FFB} = {FC8402C1-C9F5-4CEF-AE4C-4C65672DBCFB}
		{10CFA64A-44E6-4A74-9CA6-C5CBB49D9793} = {FC8402C1-C9F5-4CEF-AE4C-4C65672DBCFB}
		{ADA07FE3-137F-4847-ACC6-82B1AC714750} = {FC8402C1-C9F5-4CEF-AE4C-4C65672DBCFB}
	EndGlobalSection
EndGlobal
